// !$*UTF8*$!
{
	archiveVersion = 1;
	classes = {
	};
	objectVersion = 50;
	objects = {

/* Begin PBXBuildFile section */
		CEDCA13229517DDF00462AAE /* AppDelegate.swift in Sources */ = {isa = PBXBuildFile; fileRef = CEDCA13129517DDF00462AAE /* AppDelegate.swift */; };
		CEDCA13429517DDF00462AAE /* SceneDelegate.swift in Sources */ = {isa = PBXBuildFile; fileRef = CEDCA13329517DDF00462AAE /* SceneDelegate.swift */; };
		CEDCA13629517DDF00462AAE /* ContentView.swift in Sources */ = {isa = PBXBuildFile; fileRef = CEDCA13529517DDF00462AAE /* ContentView.swift */; };
		CEDCA13829517DE500462AAE /* Assets.xcassets in Resources */ = {isa = PBXBuildFile; fileRef = CEDCA13729517DE500462AAE /* Assets.xcassets */; };
		CEDCA13B29517DE500462AAE /* Preview Assets.xcassets in Resources */ = {isa = PBXBuildFile; fileRef = CEDCA13A29517DE500462AAE /* Preview Assets.xcassets */; };
		CEDCA13E29517DE500462AAE /* LaunchScreen.storyboard in Resources */ = {isa = PBXBuildFile; fileRef = CEDCA13C29517DE500462AAE /* LaunchScreen.storyboard */; };
/* End PBXBuildFile section */

/* Begin PBXFileReference section */
		CEDCA12E29517DDF00462AAE /* RestaurantDetailView20221220.app */ = {isa = PBXFileReference; explicitFileType = wrapper.application; includeInIndex = 0; path = RestaurantDetailView20221220.app; sourceTree = BUILT_PRODUCTS_DIR; };
		CEDCA13129517DDF00462AAE /* AppDelegate.swift */ = {isa = PBXFileReference; lastKnownFileType = sourcecode.swift; path = AppDelegate.swift; sourceTree = "<group>"; };
		CEDCA13329517DDF00462AAE /* SceneDelegate.swift */ = {isa = PBXFileReference; lastKnownFileType = sourcecode.swift; path = SceneDelegate.swift; sourceTree = "<group>"; };
		CEDCA13529517DDF00462AAE /* ContentView.swift */ = {isa = PBXFileReference; lastKnownFileType = sourcecode.swift; path = ContentView.swift; sourceTree = "<group>"; };
		CEDCA13729517DE500462AAE /* Assets.xcassets */ = {isa = PBXFileReference; lastKnownFileType = folder.assetcatalog; path = Assets.xcassets; sourceTree = "<group>"; };
		CEDCA13A29517DE500462AAE /* Preview Assets.xcassets */ = {isa = PBXFileReference; lastKnownFileType = folder.assetcatalog; path = "Preview Assets.xcassets"; sourceTree = "<group>"; };
		CEDCA13D29517DE500462AAE /* Base */ = {isa = PBXFileReference; lastKnownFileType = file.storyboard; name = Base; path = Base.lproj/LaunchScreen.storyboard; sourceTree = "<group>"; };
		CEDCA13F29517DE500462AAE /* Info.plist */ = {isa = PBXFileReference; lastKnownFileType = text.plist.xml; path = Info.plist; sourceTree = "<group>"; };
/* End PBXFileReference section */

/* Begin PBXFrameworksBuildPhase section */
		CEDCA12B29517DDF00462AAE /* Frameworks */ = {
			isa = PBXFrameworksBuildPhase;
			buildActionMask = 2147483647;
			files = (
			);
			runOnlyForDeploymentPostprocessing = 0;
		};
/* End PBXFrameworksBuildPhase section */

/* Begin PBXGroup section */
		CEDCA12529517DDF00462AAE = {
			isa = PBXGroup;
			children = (
				CEDCA13029517DDF00462AAE /* RestaurantDetailView20221220 */,
				CEDCA12F29517DDF00462AAE /* Products */,
			);
			sourceTree = "<group>";
		};
		CEDCA12F29517DDF00462AAE /* Products */ = {
			isa = PBXGroup;
			children = (
				CEDCA12E29517DDF00462AAE /* RestaurantDetailView20221220.app */,
			);
			name = Products;
			sourceTree = "<group>";
		};
		CEDCA13029517DDF00462AAE /* RestaurantDetailView20221220 */ = {
			isa = PBXGroup;
			children = (
				CEDCA13129517DDF00462AAE /* AppDelegate.swift */,
				CEDCA13329517DDF00462AAE /* SceneDelegate.swift */,
				CEDCA13529517DDF00462AAE /* ContentView.swift */,
				CEDCA13729517DE500462AAE /* Assets.xcassets */,
				CEDCA13C29517DE500462AAE /* LaunchScreen.storyboard */,
				CEDCA13F29517DE500462AAE /* Info.plist */,
				CEDCA13929517DE500462AAE /* Preview Content */,
			);
			path = RestaurantDetailView20221220;
			sourceTree = "<group>";
		};
		CEDCA13929517DE500462AAE /* Preview Content */ = {
			isa = PBXGroup;
			children = (
				CEDCA13A29517DE500462AAE /* Preview Assets.xcassets */,
			);
			path = "Preview Content";
			sourceTree = "<group>";
		};
/* End PBXGroup section */

/* Begin PBXNativeTarget section */
		CEDCA12D29517DDF00462AAE /* RestaurantDetailView20221220 */ = {
			isa = PBXNativeTarget;
			buildConfigurationList = CEDCA14229517DE500462AAE /* Build configuration list for PBXNativeTarget "RestaurantDetailView20221220" */;
			buildPhases = (
				CEDCA12A29517DDF00462AAE /* Sources */,
				CEDCA12B29517DDF00462AAE /* Frameworks */,
				CEDCA12C29517DDF00462AAE /* Resources */,
			);
			buildRules = (
			);
			dependencies = (
			);
			name = RestaurantDetailView20221220;
			productName = RestaurantDetailView20221220;
			productReference = CEDCA12E29517DDF00462AAE /* RestaurantDetailView20221220.app */;
			productType = "com.apple.product-type.application";
		};
/* End PBXNativeTarget section */

/* Begin PBXProject section */
		CEDCA12629517DDF00462AAE /* Project object */ = {
			isa = PBXProject;
			attributes = {
				LastSwiftUpdateCheck = 1210;
				LastUpgradeCheck = 1210;
				TargetAttributes = {
					CEDCA12D29517DDF00462AAE = {
						CreatedOnToolsVersion = 12.1;
					};
				};
			};
			buildConfigurationList = CEDCA12929517DDF00462AAE /* Build configuration list for PBXProject "RestaurantDetailView20221220" */;
			compatibilityVersion = "Xcode 9.3";
			developmentRegion = en;
			hasScannedForEncodings = 0;
			knownRegions = (
				en,
				Base,
			);
			mainGroup = CEDCA12529517DDF00462AAE;
			productRefGroup = CEDCA12F29517DDF00462AAE /* Products */;
			projectDirPath = "";
			projectRoot = "";
			targets = (
				CEDCA12D29517DDF00462AAE /* RestaurantDetailView20221220 */,
			);
		};
/* End PBXProject section */

/* Begin PBXResourcesBuildPhase section */
		CEDCA12C29517DDF00462AAE /* Resources */ = {
			isa = PBXResourcesBuildPhase;
			buildActionMask = 2147483647;
			files = (
				CEDCA13E29517DE500462AAE /* LaunchScreen.storyboard in Resources */,
				CEDCA13B29517DE500462AAE /* Preview Assets.xcassets in Resources */,
				CEDCA13829517DE500462AAE /* Assets.xcassets in Resources */,
			);
			runOnlyForDeploymentPostprocessing = 0;
		};
/* End PBXResourcesBuildPhase section */

/* Begin PBXSourcesBuildPhase section */
		CEDCA12A29517DDF00462AAE /* Sources */ = {
			isa = PBXSourcesBuildPhase;
			buildActionMask = 2147483647;
			files = (
				CEDCA13229517DDF00462AAE /* AppDelegate.swift in Sources */,
				CEDCA13429517DDF00462AAE /* SceneDelegate.swift in Sources */,
				CEDCA13629517DDF00462AAE /* ContentView.swift in Sources */,
			);
			runOnlyForDeploymentPostprocessing = 0;
		};
/* End PBXSourcesBuildPhase section */

/* Begin PBXVariantGroup section */
		CEDCA13C29517DE500462AAE /* LaunchScreen.storyboard */ = {
			isa = PBXVariantGroup;
			children = (
				CEDCA13D29517DE500462AAE /* Base */,
			);
			name = LaunchScreen.storyboard;
			sourceTree = "<group>";
		};
/* End PBXVariantGroup section */

/* Begin XCBuildConfiguration section */
		CEDCA14029517DE500462AAE /* Debug */ = {
			isa = XCBuildConfiguration;
			buildSettings = {
				ALWAYS_SEARCH_USER_PATHS = NO;
				CLANG_ANALYZER_NONNULL = YES;
				CLANG_ANALYZER_NUMBER_OBJECT_CONVERSION = YES_AGGRESSIVE;
				CLANG_CXX_LANGUAGE_STANDARD = "gnu++14";
				CLANG_CXX_LIBRARY = "libc++";
				CLANG_ENABLE_MODULES = YES;
				CLANG_ENABLE_OBJC_ARC = YES;
				CLANG_ENABLE_OBJC_WEAK = YES;
				CLANG_WARN_BLOCK_CAPTURE_AUTORELEASING = YES;
				CLANG_WARN_BOOL_CONVERSION = YES;
				CLANG_WARN_COMMA = YES;
				CLANG_WARN_CONSTANT_CONVERSION = YES;
				CLANG_WARN_DEPRECATED_OBJC_IMPLEMENTATIONS = YES;
				CLANG_WARN_DIRECT_OBJC_ISA_USAGE = YES_ERROR;
				CLANG_WARN_DOCUMENTATION_COMMENTS = YES;
				CLANG_WARN_EMPTY_BODY = YES;
				CLANG_WARN_ENUM_CONVERSION = YES;
				CLANG_WARN_INFINITE_RECURSION = YES;
				CLANG_WARN_INT_CONVERSION = YES;
				CLANG_WARN_NON_LITERAL_NULL_CONVERSION = YES;
				CLANG_WARN_OBJC_IMPLICIT_RETAIN_SELF = YES;
				CLANG_WARN_OBJC_LITERAL_CONVERSION = YES;
				CLANG_WARN_OBJC_ROOT_CLASS = YES_ERROR;
				CLANG_WARN_QUOTED_INCLUDE_IN_FRAMEWORK_HEADER = YES;
				CLANG_WARN_RANGE_LOOP_ANALYSIS = YES;
				CLANG_WARN_STRICT_PROTOTYPES = YES;
				CLANG_WARN_SUSPICIOUS_MOVE = YES;
				CLANG_WARN_UNGUARDED_AVAILABILITY = YES_AGGRESSIVE;
				CLANG_WARN_UNREACHABLE_CODE = YES;
				CLANG_WARN__DUPLICATE_METHOD_MATCH = YES;
				COPY_PHASE_STRIP = NO;
				DEBUG_INFORMATION_FORMAT = dwarf;
				ENABLE_STRICT_OBJC_MSGSEND = YES;
				ENABLE_TESTABILITY = YES;
				GCC_C_LANGUAGE_STANDARD = gnu11;
				GCC_DYNAMIC_NO_PIC = NO;
				GCC_NO_COMMON_BLOCKS = YES;
				GCC_OPTIMIZATION_LEVEL = 0;
				GCC_PREPROCESSOR_DEFINITIONS = (
					"DEBUG=1",
					"$(inherited)",
				);
				GCC_WARN_64_TO_32_BIT_CONVERSION = YES;
				GCC_WARN_ABOUT_RETURN_TYPE = YES_ERROR;
				GCC_WARN_UNDECLARED_SELECTOR = YES;
				GCC_WARN_UNINITIALIZED_AUTOS = YES_AGGRESSIVE;
				GCC_WARN_UNUSED_FUNCTION = YES;
				GCC_WARN_UNUSED_VARIABLE = YES;
				IPHONEOS_DEPLOYMENT_TARGET = 14.1;
				MTL_ENABLE_DEBUG_INFO = INCLUDE_SOURCE;
				MTL_FAST_MATH = YES;
				ONLY_ACTIVE_ARCH = YES;
				SDKROOT = iphoneos;
				SWIFT_ACTIVE_COMPILATION_CONDITIONS = DEBUG;
				SWIFT_OPTIMIZATION_LEVEL = "-Onone";
			};
			name = Debug;
		};
		CEDCA14129517DE500462AAE /* Release */ = {
			isa = XCBuildConfiguration;
			buildSettings = {
				ALWAYS_SEARCH_USER_PATHS = NO;
				CLANG_ANALYZER_NONNULL = YES;
				CLANG_ANALYZER_NUMBER_OBJECT_CONVERSION = YES_AGGRESSIVE;
				CLANG_CXX_LANGUAGE_STANDARD = "gnu++14";
				CLANG_CXX_LIBRARY = "libc++";
				CLANG_ENABLE_MODULES = YES;
				CLANG_ENABLE_OBJC_ARC = YES;
				CLANG_ENABLE_OBJC_WEAK = YES;
				CLANG_WARN_BLOCK_CAPTURE_AUTORELEASING = YES;
				CLANG_WARN_BOOL_CONVERSION = YES;
				CLANG_WARN_COMMA = YES;
				CLANG_WARN_CONSTANT_CONVERSION = YES;
				CLANG_WARN_DEPRECATED_OBJC_IMPLEMENTATIONS = YES;
				CLANG_WARN_DIRECT_OBJC_ISA_USAGE = YES_ERROR;
				CLANG_WARN_DOCUMENTATION_COMMENTS = YES;
				CLANG_WARN_EMPTY_BODY = YES;
				CLANG_WARN_ENUM_CONVERSION = YES;
				CLANG_WARN_INFINITE_RECURSION = YES;
				CLANG_WARN_INT_CONVERSION = YES;
				CLANG_WARN_NON_LITERAL_NULL_CONVERSION = YES;
				CLANG_WARN_OBJC_IMPLICIT_RETAIN_SELF = YES;
				CLANG_WARN_OBJC_LITERAL_CONVERSION = YES;
				CLANG_WARN_OBJC_ROOT_CLASS = YES_ERROR;
				CLANG_WARN_QUOTED_INCLUDE_IN_FRAMEWORK_HEADER = YES;
				CLANG_WARN_RANGE_LOOP_ANALYSIS = YES;
				CLANG_WARN_STRICT_PROTOTYPES = YES;
				CLANG_WARN_SUSPICIOUS_MOVE = YES;
				CLANG_WARN_UNGUARDED_AVAILABILITY = YES_AGGRESSIVE;
				CLANG_WARN_UNREACHABLE_CODE = YES;
				CLANG_WARN__DUPLICATE_METHOD_MATCH = YES;
				COPY_PHASE_STRIP = NO;
				DEBUG_INFORMATION_FORMAT = "dwarf-with-dsym";
				ENABLE_NS_ASSERTIONS = NO;
				ENABLE_STRICT_OBJC_MSGSEND = YES;
				GCC_C_LANGUAGE_STANDARD = gnu11;
				GCC_NO_COMMON_BLOCKS = YES;
				GCC_WARN_64_TO_32_BIT_CONVERSION = YES;
				GCC_WARN_ABOUT_RETURN_TYPE = YES_ERROR;
				GCC_WARN_UNDECLARED_SELECTOR = YES;
				GCC_WARN_UNINITIALIZED_AUTOS = YES_AGGRESSIVE;
				GCC_WARN_UNUSED_FUNCTION = YES;
				GCC_WARN_UNUSED_VARIABLE = YES;
				IPHONEOS_DEPLOYMENT_TARGET = 14.1;
				MTL_ENABLE_DEBUG_INFO = NO;
				MTL_FAST_MATH = YES;
				SDKROOT = iphoneos;
				SWIFT_COMPILATION_MODE = wholemodule;
				SWIFT_OPTIMIZATION_LEVEL = "-O";
				VALIDATE_PRODUCT = YES;
			};
			name = Release;
		};
		CEDCA14329517DE500462AAE /* Debug */ = {
			isa = XCBuildConfiguration;
			buildSettings = {
				ASSETCATALOG_COMPILER_APPICON_NAME = AppIcon;
				ASSETCATALOG_COMPILER_GLOBAL_ACCENT_COLOR_NAME = AccentColor;
				CODE_SIGN_STYLE = Automatic;
				DEVELOPMENT_ASSET_PATHS = "\"RestaurantDetailView20221220/Preview Content\"";
				ENABLE_PREVIEWS = YES;
				INFOPLIST_FILE = RestaurantDetailView20221220/Info.plist;
				LD_RUNPATH_SEARCH_PATHS = (
					"$(inherited)",
					"@executable_path/Frameworks",
				);
				PRODUCT_BUNDLE_IDENTIFIER = D1089891tw.edu.fcu.RestaurantDetailView20221220;
				PRODUCT_NAME = "$(TARGET_NAME)";
				SWIFT_VERSION = 5.0;
				TARGETED_DEVICE_FAMILY = "1,2";
			};
			name = Debug;
		};
		CEDCA14429517DE500462AAE /* Release */ = {
			isa = XCBuildConfiguration;
			buildSettings = {
				ASSETCATALOG_COMPILER_APPICON_NAME = AppIcon;
				ASSETCATALOG_COMPILER_GLOBAL_ACCENT_COLOR_NAME = AccentColor;
				CODE_SIGN_STYLE = Automatic;
				DEVELOPMENT_ASSET_PATHS = "\"RestaurantDetailView20221220/Preview Content\"";
				ENABLE_PREVIEWS = YES;
				INFOPLIST_FILE = RestaurantDetailView20221220/Info.plist;
				LD_RUNPATH_SEARCH_PATHS = (
					"$(inherited)",
					"@executable_path/Frameworks",
				);
				PRODUCT_BUNDLE_IDENTIFIER = D1089891tw.edu.fcu.RestaurantDetailView20221220;
				PRODUCT_NAME = "$(TARGET_NAME)";
				SWIFT_VERSION = 5.0;
				TARGETED_DEVICE_FAMILY = "1,2";
			};
			name = Release;
		};
/* End XCBuildConfiguration section */

/* Begin XCConfigurationList section */
		CEDCA12929517DDF00462AAE /* Build configuration list for PBXProject "RestaurantDetailView20221220" */ = {
			isa = XCConfigurationList;
			buildConfigurations = (
				CEDCA14029517DE500462AAE /* Debug */,
				CEDCA14129517DE500462AAE /* Release */,
			);
			defaultConfigurationIsVisible = 0;
			defaultConfigurationName = Release;
		};
		CEDCA14229517DE500462AAE /* Build configuration list for PBXNativeTarget "RestaurantDetailView20221220" */ = {
			isa = XCConfigurationList;
			buildConfigurations = (
				CEDCA14329517DE500462AAE /* Debug */,
				CEDCA14429517DE500462AAE /* Release */,
			);
			defaultConfigurationIsVisible = 0;
			defaultConfigurationName = Release;
		};
/* End XCConfigurationList section */
	};
	rootObject = CEDCA12629517DDF00462AAE /* Project object */;
}
