// !$*UTF8*$!
{
	archiveVersion = 1;
	classes = {
	};
	objectVersion = 50;
	objects = {

/* Begin PBXBuildFile section */
		CEA51556295197D400CA6492 /* yoyo in Resources */ = {isa = PBXBuildFile; fileRef = CEA51555295197D400CA6492 /* yoyo */; };
		CEC0BE1529514723001D503E /* AppDelegate.swift in Sources */ = {isa = PBXBuildFile; fileRef = CEC0BE1429514723001D503E /* AppDelegate.swift */; };
		CEC0BE1729514723001D503E /* SceneDelegate.swift in Sources */ = {isa = PBXBuildFile; fileRef = CEC0BE1629514723001D503E /* SceneDelegate.swift */; };
		CEC0BE1929514723001D503E /* ContentView.swift in Sources */ = {isa = PBXBuildFile; fileRef = CEC0BE1829514723001D503E /* ContentView.swift */; };
		CEC0BE1B29514729001D503E /* Assets.xcassets in Resources */ = {isa = PBXBuildFile; fileRef = CEC0BE1A29514729001D503E /* Assets.xcassets */; };
		CEC0BE1E29514729001D503E /* Preview Assets.xcassets in Resources */ = {isa = PBXBuildFile; fileRef = CEC0BE1D29514729001D503E /* Preview Assets.xcassets */; };
		CEC0BE2129514729001D503E /* LaunchScreen.storyboard in Resources */ = {isa = PBXBuildFile; fileRef = CEC0BE1F29514729001D503E /* LaunchScreen.storyboard */; };
/* End PBXBuildFile section */

/* Begin PBXFileReference section */
		CEA51555295197D400CA6492 /* yoyo */ = {isa = PBXFileReference; lastKnownFileType = folder; path = yoyo; sourceTree = "<group>"; };
		CEC0BE1129514723001D503E /* SourceOfTruth20221220.app */ = {isa = PBXFileReference; explicitFileType = wrapper.application; includeInIndex = 0; path = SourceOfTruth20221220.app; sourceTree = BUILT_PRODUCTS_DIR; };
		CEC0BE1429514723001D503E /* AppDelegate.swift */ = {isa = PBXFileReference; lastKnownFileType = sourcecode.swift; path = AppDelegate.swift; sourceTree = "<group>"; };
		CEC0BE1629514723001D503E /* SceneDelegate.swift */ = {isa = PBXFileReference; lastKnownFileType = sourcecode.swift; path = SceneDelegate.swift; sourceTree = "<group>"; };
		CEC0BE1829514723001D503E /* ContentView.swift */ = {isa = PBXFileReference; lastKnownFileType = sourcecode.swift; path = ContentView.swift; sourceTree = "<group>"; };
		CEC0BE1A29514729001D503E /* Assets.xcassets */ = {isa = PBXFileReference; lastKnownFileType = folder.assetcatalog; path = Assets.xcassets; sourceTree = "<group>"; };
		CEC0BE1D29514729001D503E /* Preview Assets.xcassets */ = {isa = PBXFileReference; lastKnownFileType = folder.assetcatalog; path = "Preview Assets.xcassets"; sourceTree = "<group>"; };
		CEC0BE2029514729001D503E /* Base */ = {isa = PBXFileReference; lastKnownFileType = file.storyboard; name = Base; path = Base.lproj/LaunchScreen.storyboard; sourceTree = "<group>"; };
		CEC0BE2229514729001D503E /* Info.plist */ = {isa = PBXFileReference; lastKnownFileType = text.plist.xml; path = Info.plist; sourceTree = "<group>"; };
/* End PBXFileReference section */

/* Begin PBXFrameworksBuildPhase section */
		CEC0BE0E29514723001D503E /* Frameworks */ = {
			isa = PBXFrameworksBuildPhase;
			buildActionMask = 2147483647;
			files = (
			);
			runOnlyForDeploymentPostprocessing = 0;
		};
/* End PBXFrameworksBuildPhase section */

/* Begin PBXGroup section */
		CEC0BE0829514723001D503E = {
			isa = PBXGroup;
			children = (
				CEC0BE1329514723001D503E /* SourceOfTruth20221220 */,
				CEC0BE1229514723001D503E /* Products */,
			);
			sourceTree = "<group>";
		};
		CEC0BE1229514723001D503E /* Products */ = {
			isa = PBXGroup;
			children = (
				CEC0BE1129514723001D503E /* SourceOfTruth20221220.app */,
			);
			name = Products;
			sourceTree = "<group>";
		};
		CEC0BE1329514723001D503E /* SourceOfTruth20221220 */ = {
			isa = PBXGroup;
			children = (
				CEC0BE1429514723001D503E /* AppDelegate.swift */,
				CEC0BE1629514723001D503E /* SceneDelegate.swift */,
				CEC0BE1829514723001D503E /* ContentView.swift */,
				CEA51555295197D400CA6492 /* yoyo */,
				CEC0BE1A29514729001D503E /* Assets.xcassets */,
				CEC0BE1F29514729001D503E /* LaunchScreen.storyboard */,
				CEC0BE2229514729001D503E /* Info.plist */,
				CEC0BE1C29514729001D503E /* Preview Content */,
			);
			path = SourceOfTruth20221220;
			sourceTree = "<group>";
		};
		CEC0BE1C29514729001D503E /* Preview Content */ = {
			isa = PBXGroup;
			children = (
				CEC0BE1D29514729001D503E /* Preview Assets.xcassets */,
			);
			path = "Preview Content";
			sourceTree = "<group>";
		};
/* End PBXGroup section */

/* Begin PBXNativeTarget section */
		CEC0BE1029514723001D503E /* SourceOfTruth20221220 */ = {
			isa = PBXNativeTarget;
			buildConfigurationList = CEC0BE2529514729001D503E /* Build configuration list for PBXNativeTarget "SourceOfTruth20221220" */;
			buildPhases = (
				CEC0BE0D29514723001D503E /* Sources */,
				CEC0BE0E29514723001D503E /* Frameworks */,
				CEC0BE0F29514723001D503E /* Resources */,
			);
			buildRules = (
			);
			dependencies = (
			);
			name = SourceOfTruth20221220;
			productName = SourceOfTruth20221220;
			productReference = CEC0BE1129514723001D503E /* SourceOfTruth20221220.app */;
			productType = "com.apple.product-type.application";
		};
/* End PBXNativeTarget section */

/* Begin PBXProject section */
		CEC0BE0929514723001D503E /* Project object */ = {
			isa = PBXProject;
			attributes = {
				LastSwiftUpdateCheck = 1210;
				LastUpgradeCheck = 1210;
				TargetAttributes = {
					CEC0BE1029514723001D503E = {
						CreatedOnToolsVersion = 12.1;
					};
				};
			};
			buildConfigurationList = CEC0BE0C29514723001D503E /* Build configuration list for PBXProject "SourceOfTruth20221220" */;
			compatibilityVersion = "Xcode 9.3";
			developmentRegion = en;
			hasScannedForEncodings = 0;
			knownRegions = (
				en,
				Base,
			);
			mainGroup = CEC0BE0829514723001D503E;
			productRefGroup = CEC0BE1229514723001D503E /* Products */;
			projectDirPath = "";
			projectRoot = "";
			targets = (
				CEC0BE1029514723001D503E /* SourceOfTruth20221220 */,
			);
		};
/* End PBXProject section */

/* Begin PBXResourcesBuildPhase section */
		CEC0BE0F29514723001D503E /* Resources */ = {
			isa = PBXResourcesBuildPhase;
			buildActionMask = 2147483647;
			files = (
				CEA51556295197D400CA6492 /* yoyo in Resources */,
				CEC0BE2129514729001D503E /* LaunchScreen.storyboard in Resources */,
				CEC0BE1E29514729001D503E /* Preview Assets.xcassets in Resources */,
				CEC0BE1B29514729001D503E /* Assets.xcassets in Resources */,
			);
			runOnlyForDeploymentPostprocessing = 0;
		};
/* End PBXResourcesBuildPhase section */

/* Begin PBXSourcesBuildPhase section */
		CEC0BE0D29514723001D503E /* Sources */ = {
			isa = PBXSourcesBuildPhase;
			buildActionMask = 2147483647;
			files = (
				CEC0BE1529514723001D503E /* AppDelegate.swift in Sources */,
				CEC0BE1729514723001D503E /* SceneDelegate.swift in Sources */,
				CEC0BE1929514723001D503E /* ContentView.swift in Sources */,
			);
			runOnlyForDeploymentPostprocessing = 0;
		};
/* End PBXSourcesBuildPhase section */

/* Begin PBXVariantGroup section */
		CEC0BE1F29514729001D503E /* LaunchScreen.storyboard */ = {
			isa = PBXVariantGroup;
			children = (
				CEC0BE2029514729001D503E /* Base */,
			);
			name = LaunchScreen.storyboard;
			sourceTree = "<group>";
		};
/* End PBXVariantGroup section */

/* Begin XCBuildConfiguration section */
		CEC0BE2329514729001D503E /* Debug */ = {
			isa = XCBuildConfiguration;
			buildSettings = {
				ALWAYS_SEARCH_USER_PATHS = NO;
				CLANG_ANALYZER_NONNULL = YES;
				CLANG_ANALYZER_NUMBER_OBJECT_CONVERSION = YES_AGGRESSIVE;
				CLANG_CXX_LANGUAGE_STANDARD = "gnu++14";
				CLANG_CXX_LIBRARY = "libc++";
				CLANG_ENABLE_MODULES = YES;
				CLANG_ENABLE_OBJC_ARC = YES;
				CLANG_ENABLE_OBJC_WEAK = YES;
				CLANG_WARN_BLOCK_CAPTURE_AUTORELEASING = YES;
				CLANG_WARN_BOOL_CONVERSION = YES;
				CLANG_WARN_COMMA = YES;
				CLANG_WARN_CONSTANT_CONVERSION = YES;
				CLANG_WARN_DEPRECATED_OBJC_IMPLEMENTATIONS = YES;
				CLANG_WARN_DIRECT_OBJC_ISA_USAGE = YES_ERROR;
				CLANG_WARN_DOCUMENTATION_COMMENTS = YES;
				CLANG_WARN_EMPTY_BODY = YES;
				CLANG_WARN_ENUM_CONVERSION = YES;
				CLANG_WARN_INFINITE_RECURSION = YES;
				CLANG_WARN_INT_CONVERSION = YES;
				CLANG_WARN_NON_LITERAL_NULL_CONVERSION = YES;
				CLANG_WARN_OBJC_IMPLICIT_RETAIN_SELF = YES;
				CLANG_WARN_OBJC_LITERAL_CONVERSION = YES;
				CLANG_WARN_OBJC_ROOT_CLASS = YES_ERROR;
				CLANG_WARN_QUOTED_INCLUDE_IN_FRAMEWORK_HEADER = YES;
				CLANG_WARN_RANGE_LOOP_ANALYSIS = YES;
				CLANG_WARN_STRICT_PROTOTYPES = YES;
				CLANG_WARN_SUSPICIOUS_MOVE = YES;
				CLANG_WARN_UNGUARDED_AVAILABILITY = YES_AGGRESSIVE;
				CLANG_WARN_UNREACHABLE_CODE = YES;
				CLANG_WARN__DUPLICATE_METHOD_MATCH = YES;
				COPY_PHASE_STRIP = NO;
				DEBUG_INFORMATION_FORMAT = dwarf;
				ENABLE_STRICT_OBJC_MSGSEND = YES;
				ENABLE_TESTABILITY = YES;
				GCC_C_LANGUAGE_STANDARD = gnu11;
				GCC_DYNAMIC_NO_PIC = NO;
				GCC_NO_COMMON_BLOCKS = YES;
				GCC_OPTIMIZATION_LEVEL = 0;
				GCC_PREPROCESSOR_DEFINITIONS = (
					"DEBUG=1",
					"$(inherited)",
				);
				GCC_WARN_64_TO_32_BIT_CONVERSION = YES;
				GCC_WARN_ABOUT_RETURN_TYPE = YES_ERROR;
				GCC_WARN_UNDECLARED_SELECTOR = YES;
				GCC_WARN_UNINITIALIZED_AUTOS = YES_AGGRESSIVE;
				GCC_WARN_UNUSED_FUNCTION = YES;
				GCC_WARN_UNUSED_VARIABLE = YES;
				IPHONEOS_DEPLOYMENT_TARGET = 14.1;
				MTL_ENABLE_DEBUG_INFO = INCLUDE_SOURCE;
				MTL_FAST_MATH = YES;
				ONLY_ACTIVE_ARCH = YES;
				SDKROOT = iphoneos;
				SWIFT_ACTIVE_COMPILATION_CONDITIONS = DEBUG;
				SWIFT_OPTIMIZATION_LEVEL = "-Onone";
			};
			name = Debug;
		};
		CEC0BE2429514729001D503E /* Release */ = {
			isa = XCBuildConfiguration;
			buildSettings = {
				ALWAYS_SEARCH_USER_PATHS = NO;
				CLANG_ANALYZER_NONNULL = YES;
				CLANG_ANALYZER_NUMBER_OBJECT_CONVERSION = YES_AGGRESSIVE;
				CLANG_CXX_LANGUAGE_STANDARD = "gnu++14";
				CLANG_CXX_LIBRARY = "libc++";
				CLANG_ENABLE_MODULES = YES;
				CLANG_ENABLE_OBJC_ARC = YES;
				CLANG_ENABLE_OBJC_WEAK = YES;
				CLANG_WARN_BLOCK_CAPTURE_AUTORELEASING = YES;
				CLANG_WARN_BOOL_CONVERSION = YES;
				CLANG_WARN_COMMA = YES;
				CLANG_WARN_CONSTANT_CONVERSION = YES;
				CLANG_WARN_DEPRECATED_OBJC_IMPLEMENTATIONS = YES;
				CLANG_WARN_DIRECT_OBJC_ISA_USAGE = YES_ERROR;
				CLANG_WARN_DOCUMENTATION_COMMENTS = YES;
				CLANG_WARN_EMPTY_BODY = YES;
				CLANG_WARN_ENUM_CONVERSION = YES;
				CLANG_WARN_INFINITE_RECURSION = YES;
				CLANG_WARN_INT_CONVERSION = YES;
				CLANG_WARN_NON_LITERAL_NULL_CONVERSION = YES;
				CLANG_WARN_OBJC_IMPLICIT_RETAIN_SELF = YES;
				CLANG_WARN_OBJC_LITERAL_CONVERSION = YES;
				CLANG_WARN_OBJC_ROOT_CLASS = YES_ERROR;
				CLANG_WARN_QUOTED_INCLUDE_IN_FRAMEWORK_HEADER = YES;
				CLANG_WARN_RANGE_LOOP_ANALYSIS = YES;
				CLANG_WARN_STRICT_PROTOTYPES = YES;
				CLANG_WARN_SUSPICIOUS_MOVE = YES;
				CLANG_WARN_UNGUARDED_AVAILABILITY = YES_AGGRESSIVE;
				CLANG_WARN_UNREACHABLE_CODE = YES;
				CLANG_WARN__DUPLICATE_METHOD_MATCH = YES;
				COPY_PHASE_STRIP = NO;
				DEBUG_INFORMATION_FORMAT = "dwarf-with-dsym";
				ENABLE_NS_ASSERTIONS = NO;
				ENABLE_STRICT_OBJC_MSGSEND = YES;
				GCC_C_LANGUAGE_STANDARD = gnu11;
				GCC_NO_COMMON_BLOCKS = YES;
				GCC_WARN_64_TO_32_BIT_CONVERSION = YES;
				GCC_WARN_ABOUT_RETURN_TYPE = YES_ERROR;
				GCC_WARN_UNDECLARED_SELECTOR = YES;
				GCC_WARN_UNINITIALIZED_AUTOS = YES_AGGRESSIVE;
				GCC_WARN_UNUSED_FUNCTION = YES;
				GCC_WARN_UNUSED_VARIABLE = YES;
				IPHONEOS_DEPLOYMENT_TARGET = 14.1;
				MTL_ENABLE_DEBUG_INFO = NO;
				MTL_FAST_MATH = YES;
				SDKROOT = iphoneos;
				SWIFT_COMPILATION_MODE = wholemodule;
				SWIFT_OPTIMIZATION_LEVEL = "-O";
				VALIDATE_PRODUCT = YES;
			};
			name = Release;
		};
		CEC0BE2629514729001D503E /* Debug */ = {
			isa = XCBuildConfiguration;
			buildSettings = {
				ASSETCATALOG_COMPILER_APPICON_NAME = AppIcon;
				ASSETCATALOG_COMPILER_GLOBAL_ACCENT_COLOR_NAME = AccentColor;
				CODE_SIGN_STYLE = Automatic;
				DEVELOPMENT_ASSET_PATHS = "\"SourceOfTruth20221220/Preview Content\"";
				ENABLE_PREVIEWS = YES;
				INFOPLIST_FILE = SourceOfTruth20221220/Info.plist;
				LD_RUNPATH_SEARCH_PATHS = (
					"$(inherited)",
					"@executable_path/Frameworks",
				);
				PRODUCT_BUNDLE_IDENTIFIER = D1089891tw.edu.fcu.SourceOfTruth20221220;
				PRODUCT_NAME = "$(TARGET_NAME)";
				SWIFT_VERSION = 5.0;
				TARGETED_DEVICE_FAMILY = "1,2";
			};
			name = Debug;
		};
		CEC0BE2729514729001D503E /* Release */ = {
			isa = XCBuildConfiguration;
			buildSettings = {
				ASSETCATALOG_COMPILER_APPICON_NAME = AppIcon;
				ASSETCATALOG_COMPILER_GLOBAL_ACCENT_COLOR_NAME = AccentColor;
				CODE_SIGN_STYLE = Automatic;
				DEVELOPMENT_ASSET_PATHS = "\"SourceOfTruth20221220/Preview Content\"";
				ENABLE_PREVIEWS = YES;
				INFOPLIST_FILE = SourceOfTruth20221220/Info.plist;
				LD_RUNPATH_SEARCH_PATHS = (
					"$(inherited)",
					"@executable_path/Frameworks",
				);
				PRODUCT_BUNDLE_IDENTIFIER = D1089891tw.edu.fcu.SourceOfTruth20221220;
				PRODUCT_NAME = "$(TARGET_NAME)";
				SWIFT_VERSION = 5.0;
				TARGETED_DEVICE_FAMILY = "1,2";
			};
			name = Release;
		};
/* End XCBuildConfiguration section */

/* Begin XCConfigurationList section */
		CEC0BE0C29514723001D503E /* Build configuration list for PBXProject "SourceOfTruth20221220" */ = {
			isa = XCConfigurationList;
			buildConfigurations = (
				CEC0BE2329514729001D503E /* Debug */,
				CEC0BE2429514729001D503E /* Release */,
			);
			defaultConfigurationIsVisible = 0;
			defaultConfigurationName = Release;
		};
		CEC0BE2529514729001D503E /* Build configuration list for PBXNativeTarget "SourceOfTruth20221220" */ = {
			isa = XCConfigurationList;
			buildConfigurations = (
				CEC0BE2629514729001D503E /* Debug */,
				CEC0BE2729514729001D503E /* Release */,
			);
			defaultConfigurationIsVisible = 0;
			defaultConfigurationName = Release;
		};
/* End XCConfigurationList section */
	};
	rootObject = CEC0BE0929514723001D503E /* Project object */;
}
